// !$*UTF8*$!
{
	archiveVersion = 1;
	classes = {
	};
	objectVersion = 50;
	objects = {

/* Begin PBXBuildFile section */
		583AFBAF10348E27D6F5E304 /* Pods_iTunesSearch.framework in Frameworks */ = {isa = PBXBuildFile; fileRef = E0AA6705E07ABC15BE9D6296 /* Pods_iTunesSearch.framework */; };
		A75DEEB0773EB4762440AFEC /* Pods_iTunesSearchUITests.framework in Frameworks */ = {isa = PBXBuildFile; fileRef = 554C718E6907BF42ADEFF5C0 /* Pods_iTunesSearchUITests.framework */; };
		C019045CCCCCF102A18685A2 /* Pods_iTunesSearchTests.framework in Frameworks */ = {isa = PBXBuildFile; fileRef = DA8E89C889B4A26600BA1A70 /* Pods_iTunesSearchTests.framework */; };
		C928D07221C0B7B700DD8042 /* AppDelegate.swift in Sources */ = {isa = PBXBuildFile; fileRef = C928D07121C0B7B700DD8042 /* AppDelegate.swift */; };
		C928D07421C0B7B700DD8042 /* ViewController.swift in Sources */ = {isa = PBXBuildFile; fileRef = C928D07321C0B7B700DD8042 /* ViewController.swift */; };
		C928D07721C0B7B700DD8042 /* Main.storyboard in Resources */ = {isa = PBXBuildFile; fileRef = C928D07521C0B7B700DD8042 /* Main.storyboard */; };
		C928D07921C0B7B800DD8042 /* Assets.xcassets in Resources */ = {isa = PBXBuildFile; fileRef = C928D07821C0B7B800DD8042 /* Assets.xcassets */; };
		C928D07C21C0B7B800DD8042 /* LaunchScreen.storyboard in Resources */ = {isa = PBXBuildFile; fileRef = C928D07A21C0B7B800DD8042 /* LaunchScreen.storyboard */; };
		C928D08721C0B7B800DD8042 /* iTunesSearchTests.swift in Sources */ = {isa = PBXBuildFile; fileRef = C928D08621C0B7B800DD8042 /* iTunesSearchTests.swift */; };
		C928D09221C0B7B800DD8042 /* iTunesSearchUITests.swift in Sources */ = {isa = PBXBuildFile; fileRef = C928D09121C0B7B800DD8042 /* iTunesSearchUITests.swift */; };
		C9877B5E21C38BC400F20C69 /* iTunesService.swift in Sources */ = {isa = PBXBuildFile; fileRef = C9877B5D21C38BC400F20C69 /* iTunesService.swift */; };
		C9B2652321C30C63006FD045 /* iTunesAlbum.swift in Sources */ = {isa = PBXBuildFile; fileRef = C9B2652221C30C63006FD045 /* iTunesAlbum.swift */; };
		C9B2652621C31E31006FD045 /* AlbumTableViewCell.swift in Sources */ = {isa = PBXBuildFile; fileRef = C9B2652521C31E31006FD045 /* AlbumTableViewCell.swift */; };
/* End PBXBuildFile section */

/* Begin PBXContainerItemProxy section */
		C928D08321C0B7B800DD8042 /* PBXContainerItemProxy */ = {
			isa = PBXContainerItemProxy;
			containerPortal = C928D06621C0B7B700DD8042 /* Project object */;
			proxyType = 1;
			remoteGlobalIDString = C928D06D21C0B7B700DD8042;
			remoteInfo = iTunesSearch;
		};
		C928D08E21C0B7B800DD8042 /* PBXContainerItemProxy */ = {
			isa = PBXContainerItemProxy;
			containerPortal = C928D06621C0B7B700DD8042 /* Project object */;
			proxyType = 1;
			remoteGlobalIDString = C928D06D21C0B7B700DD8042;
			remoteInfo = iTunesSearch;
		};
/* End PBXContainerItemProxy section */

/* Begin PBXFileReference section */
		1B06A3C0A7727422EE79CB96 /* Pods-iTunesSearchTests.release.xcconfig */ = {isa = PBXFileReference; includeInIndex = 1; lastKnownFileType = text.xcconfig; name = "Pods-iTunesSearchTests.release.xcconfig"; path = "Pods/Target Support Files/Pods-iTunesSearchTests/Pods-iTunesSearchTests.release.xcconfig"; sourceTree = "<group>"; };
		2874DB94D37BE6AF58CC381D /* Pods-iTunesSearch.release.xcconfig */ = {isa = PBXFileReference; includeInIndex = 1; lastKnownFileType = text.xcconfig; name = "Pods-iTunesSearch.release.xcconfig"; path = "Pods/Target Support Files/Pods-iTunesSearch/Pods-iTunesSearch.release.xcconfig"; sourceTree = "<group>"; };
		500F57CF8F661BD1A757458F /* Pods-iTunesSearchTests.debug.xcconfig */ = {isa = PBXFileReference; includeInIndex = 1; lastKnownFileType = text.xcconfig; name = "Pods-iTunesSearchTests.debug.xcconfig"; path = "Pods/Target Support Files/Pods-iTunesSearchTests/Pods-iTunesSearchTests.debug.xcconfig"; sourceTree = "<group>"; };
		554C718E6907BF42ADEFF5C0 /* Pods_iTunesSearchUITests.framework */ = {isa = PBXFileReference; explicitFileType = wrapper.framework; includeInIndex = 0; path = Pods_iTunesSearchUITests.framework; sourceTree = BUILT_PRODUCTS_DIR; };
		C252678FA14619D1A2CA60EE /* Pods-iTunesSearchUITests.release.xcconfig */ = {isa = PBXFileReference; includeInIndex = 1; lastKnownFileType = text.xcconfig; name = "Pods-iTunesSearchUITests.release.xcconfig"; path = "Pods/Target Support Files/Pods-iTunesSearchUITests/Pods-iTunesSearchUITests.release.xcconfig"; sourceTree = "<group>"; };
		C928D06E21C0B7B700DD8042 /* iTunesSearch.app */ = {isa = PBXFileReference; explicitFileType = wrapper.application; includeInIndex = 0; path = iTunesSearch.app; sourceTree = BUILT_PRODUCTS_DIR; };
		C928D07121C0B7B700DD8042 /* AppDelegate.swift */ = {isa = PBXFileReference; lastKnownFileType = sourcecode.swift; path = AppDelegate.swift; sourceTree = "<group>"; };
		C928D07321C0B7B700DD8042 /* ViewController.swift */ = {isa = PBXFileReference; lastKnownFileType = sourcecode.swift; path = ViewController.swift; sourceTree = "<group>"; };
		C928D07621C0B7B700DD8042 /* Base */ = {isa = PBXFileReference; lastKnownFileType = file.storyboard; name = Base; path = Base.lproj/Main.storyboard; sourceTree = "<group>"; };
		C928D07821C0B7B800DD8042 /* Assets.xcassets */ = {isa = PBXFileReference; lastKnownFileType = folder.assetcatalog; path = Assets.xcassets; sourceTree = "<group>"; };
		C928D07B21C0B7B800DD8042 /* Base */ = {isa = PBXFileReference; lastKnownFileType = file.storyboard; name = Base; path = Base.lproj/LaunchScreen.storyboard; sourceTree = "<group>"; };
		C928D07D21C0B7B800DD8042 /* Info.plist */ = {isa = PBXFileReference; lastKnownFileType = text.plist.xml; path = Info.plist; sourceTree = "<group>"; };
		C928D08221C0B7B800DD8042 /* iTunesSearchTests.xctest */ = {isa = PBXFileReference; explicitFileType = wrapper.cfbundle; includeInIndex = 0; path = iTunesSearchTests.xctest; sourceTree = BUILT_PRODUCTS_DIR; };
		C928D08621C0B7B800DD8042 /* iTunesSearchTests.swift */ = {isa = PBXFileReference; lastKnownFileType = sourcecode.swift; path = iTunesSearchTests.swift; sourceTree = "<group>"; };
		C928D08821C0B7B800DD8042 /* Info.plist */ = {isa = PBXFileReference; lastKnownFileType = text.plist.xml; path = Info.plist; sourceTree = "<group>"; };
		C928D08D21C0B7B800DD8042 /* iTunesSearchUITests.xctest */ = {isa = PBXFileReference; explicitFileType = wrapper.cfbundle; includeInIndex = 0; path = iTunesSearchUITests.xctest; sourceTree = BUILT_PRODUCTS_DIR; };
		C928D09121C0B7B800DD8042 /* iTunesSearchUITests.swift */ = {isa = PBXFileReference; lastKnownFileType = sourcecode.swift; path = iTunesSearchUITests.swift; sourceTree = "<group>"; };
		C928D09321C0B7B800DD8042 /* Info.plist */ = {isa = PBXFileReference; lastKnownFileType = text.plist.xml; path = Info.plist; sourceTree = "<group>"; };
		C9877B5D21C38BC400F20C69 /* iTunesService.swift */ = {isa = PBXFileReference; lastKnownFileType = sourcecode.swift; path = iTunesService.swift; sourceTree = "<group>"; };
		C9B2652221C30C63006FD045 /* iTunesAlbum.swift */ = {isa = PBXFileReference; lastKnownFileType = sourcecode.swift; path = iTunesAlbum.swift; sourceTree = "<group>"; };
		C9B2652521C31E31006FD045 /* AlbumTableViewCell.swift */ = {isa = PBXFileReference; lastKnownFileType = sourcecode.swift; path = AlbumTableViewCell.swift; sourceTree = "<group>"; };
		DA8E89C889B4A26600BA1A70 /* Pods_iTunesSearchTests.framework */ = {isa = PBXFileReference; explicitFileType = wrapper.framework; includeInIndex = 0; path = Pods_iTunesSearchTests.framework; sourceTree = BUILT_PRODUCTS_DIR; };
		DD7DBE9B36818FA14839D03D /* Pods-iTunesSearch.debug.xcconfig */ = {isa = PBXFileReference; includeInIndex = 1; lastKnownFileType = text.xcconfig; name = "Pods-iTunesSearch.debug.xcconfig"; path = "Pods/Target Support Files/Pods-iTunesSearch/Pods-iTunesSearch.debug.xcconfig"; sourceTree = "<group>"; };
		E0AA6705E07ABC15BE9D6296 /* Pods_iTunesSearch.framework */ = {isa = PBXFileReference; explicitFileType = wrapper.framework; includeInIndex = 0; path = Pods_iTunesSearch.framework; sourceTree = BUILT_PRODUCTS_DIR; };
		F2DA57A71FF08843CA5AA594 /* Pods-iTunesSearchUITests.debug.xcconfig */ = {isa = PBXFileReference; includeInIndex = 1; lastKnownFileType = text.xcconfig; name = "Pods-iTunesSearchUITests.debug.xcconfig"; path = "Pods/Target Support Files/Pods-iTunesSearchUITests/Pods-iTunesSearchUITests.debug.xcconfig"; sourceTree = "<group>"; };
/* End PBXFileReference section */

/* Begin PBXFrameworksBuildPhase section */
		C928D06B21C0B7B700DD8042 /* Frameworks */ = {
			isa = PBXFrameworksBuildPhase;
			buildActionMask = 2147483647;
			files = (
				583AFBAF10348E27D6F5E304 /* Pods_iTunesSearch.framework in Frameworks */,
			);
			runOnlyForDeploymentPostprocessing = 0;
		};
		C928D07F21C0B7B800DD8042 /* Frameworks */ = {
			isa = PBXFrameworksBuildPhase;
			buildActionMask = 2147483647;
			files = (
				C019045CCCCCF102A18685A2 /* Pods_iTunesSearchTests.framework in Frameworks */,
			);
			runOnlyForDeploymentPostprocessing = 0;
		};
		C928D08A21C0B7B800DD8042 /* Frameworks */ = {
			isa = PBXFrameworksBuildPhase;
			buildActionMask = 2147483647;
			files = (
				A75DEEB0773EB4762440AFEC /* Pods_iTunesSearchUITests.framework in Frameworks */,
			);
			runOnlyForDeploymentPostprocessing = 0;
		};
/* End PBXFrameworksBuildPhase section */

/* Begin PBXGroup section */
		407A7369E2B75156B687C372 /* Pods */ = {
			isa = PBXGroup;
			children = (
				DD7DBE9B36818FA14839D03D /* Pods-iTunesSearch.debug.xcconfig */,
				2874DB94D37BE6AF58CC381D /* Pods-iTunesSearch.release.xcconfig */,
				500F57CF8F661BD1A757458F /* Pods-iTunesSearchTests.debug.xcconfig */,
				1B06A3C0A7727422EE79CB96 /* Pods-iTunesSearchTests.release.xcconfig */,
				F2DA57A71FF08843CA5AA594 /* Pods-iTunesSearchUITests.debug.xcconfig */,
				C252678FA14619D1A2CA60EE /* Pods-iTunesSearchUITests.release.xcconfig */,
			);
			name = Pods;
			sourceTree = "<group>";
		};
		63DC33C9C717A45DC0015425 /* Frameworks */ = {
			isa = PBXGroup;
			children = (
				E0AA6705E07ABC15BE9D6296 /* Pods_iTunesSearch.framework */,
				DA8E89C889B4A26600BA1A70 /* Pods_iTunesSearchTests.framework */,
				554C718E6907BF42ADEFF5C0 /* Pods_iTunesSearchUITests.framework */,
			);
			name = Frameworks;
			sourceTree = "<group>";
		};
		C928D06521C0B7B700DD8042 = {
			isa = PBXGroup;
			children = (
				C928D07021C0B7B700DD8042 /* iTunesSearch */,
				C928D08521C0B7B800DD8042 /* iTunesSearchTests */,
				C928D09021C0B7B800DD8042 /* iTunesSearchUITests */,
				C928D06F21C0B7B700DD8042 /* Products */,
				407A7369E2B75156B687C372 /* Pods */,
				63DC33C9C717A45DC0015425 /* Frameworks */,
			);
			sourceTree = "<group>";
		};
		C928D06F21C0B7B700DD8042 /* Products */ = {
			isa = PBXGroup;
			children = (
				C928D06E21C0B7B700DD8042 /* iTunesSearch.app */,
				C928D08221C0B7B800DD8042 /* iTunesSearchTests.xctest */,
				C928D08D21C0B7B800DD8042 /* iTunesSearchUITests.xctest */,
			);
			name = Products;
			sourceTree = "<group>";
		};
		C928D07021C0B7B700DD8042 /* iTunesSearch */ = {
			isa = PBXGroup;
			children = (
				C9877B5C21C38BAC00F20C69 /* Services */,
				C9B2651921C308AE006FD045 /* Models */,
				C928D0A121C0BB7700DD8042 /* Cells */,
				C928D07121C0B7B700DD8042 /* AppDelegate.swift */,
				C928D07321C0B7B700DD8042 /* ViewController.swift */,
				C928D07521C0B7B700DD8042 /* Main.storyboard */,
				C928D07821C0B7B800DD8042 /* Assets.xcassets */,
				C928D07A21C0B7B800DD8042 /* LaunchScreen.storyboard */,
				C928D07D21C0B7B800DD8042 /* Info.plist */,
			);
			path = iTunesSearch;
			sourceTree = "<group>";
		};
		C928D08521C0B7B800DD8042 /* iTunesSearchTests */ = {
			isa = PBXGroup;
			children = (
				C928D08621C0B7B800DD8042 /* iTunesSearchTests.swift */,
				C928D08821C0B7B800DD8042 /* Info.plist */,
			);
			path = iTunesSearchTests;
			sourceTree = "<group>";
		};
		C928D09021C0B7B800DD8042 /* iTunesSearchUITests */ = {
			isa = PBXGroup;
			children = (
				C928D09121C0B7B800DD8042 /* iTunesSearchUITests.swift */,
				C928D09321C0B7B800DD8042 /* Info.plist */,
			);
			path = iTunesSearchUITests;
			sourceTree = "<group>";
		};
		C928D0A121C0BB7700DD8042 /* Cells */ = {
			isa = PBXGroup;
			children = (
				C9B2652521C31E31006FD045 /* AlbumTableViewCell.swift */,
			);
			path = Cells;
			sourceTree = "<group>";
		};
		C9877B5C21C38BAC00F20C69 /* Services */ = {
			isa = PBXGroup;
			children = (
				C9877B5D21C38BC400F20C69 /* iTunesService.swift */,
			);
			path = Services;
			sourceTree = "<group>";
		};
		C9B2651921C308AE006FD045 /* Models */ = {
			isa = PBXGroup;
			children = (
				C9B2652221C30C63006FD045 /* iTunesAlbum.swift */,
			);
			path = Models;
			sourceTree = "<group>";
		};
/* End PBXGroup section */

/* Begin PBXNativeTarget section */
		C928D06D21C0B7B700DD8042 /* iTunesSearch */ = {
			isa = PBXNativeTarget;
			buildConfigurationList = C928D09621C0B7B800DD8042 /* Build configuration list for PBXNativeTarget "iTunesSearch" */;
			buildPhases = (
				6849B12FD41339388E412EC6 /* [CP] Check Pods Manifest.lock */,
				C928D06A21C0B7B700DD8042 /* Sources */,
				C928D06B21C0B7B700DD8042 /* Frameworks */,
				C928D06C21C0B7B700DD8042 /* Resources */,
				23ECEFC91D34568AD2BBDB29 /* [CP] Embed Pods Frameworks */,
			);
			buildRules = (
			);
			dependencies = (
			);
			name = iTunesSearch;
			productName = iTunesSearch;
			productReference = C928D06E21C0B7B700DD8042 /* iTunesSearch.app */;
			productType = "com.apple.product-type.application";
		};
		C928D08121C0B7B800DD8042 /* iTunesSearchTests */ = {
			isa = PBXNativeTarget;
			buildConfigurationList = C928D09921C0B7B800DD8042 /* Build configuration list for PBXNativeTarget "iTunesSearchTests" */;
			buildPhases = (
				F43C7F0899E5467074078EF9 /* [CP] Check Pods Manifest.lock */,
				C928D07E21C0B7B800DD8042 /* Sources */,
				C928D07F21C0B7B800DD8042 /* Frameworks */,
				C928D08021C0B7B800DD8042 /* Resources */,
			);
			buildRules = (
			);
			dependencies = (
				C928D08421C0B7B800DD8042 /* PBXTargetDependency */,
			);
			name = iTunesSearchTests;
			productName = iTunesSearchTests;
			productReference = C928D08221C0B7B800DD8042 /* iTunesSearchTests.xctest */;
			productType = "com.apple.product-type.bundle.unit-test";
		};
		C928D08C21C0B7B800DD8042 /* iTunesSearchUITests */ = {
			isa = PBXNativeTarget;
			buildConfigurationList = C928D09C21C0B7B800DD8042 /* Build configuration list for PBXNativeTarget "iTunesSearchUITests" */;
			buildPhases = (
				B70399DF0A2EE7027301B9AF /* [CP] Check Pods Manifest.lock */,
				C928D08921C0B7B800DD8042 /* Sources */,
				C928D08A21C0B7B800DD8042 /* Frameworks */,
				C928D08B21C0B7B800DD8042 /* Resources */,
			);
			buildRules = (
			);
			dependencies = (
				C928D08F21C0B7B800DD8042 /* PBXTargetDependency */,
			);
			name = iTunesSearchUITests;
			productName = iTunesSearchUITests;
			productReference = C928D08D21C0B7B800DD8042 /* iTunesSearchUITests.xctest */;
			productType = "com.apple.product-type.bundle.ui-testing";
		};
/* End PBXNativeTarget section */

/* Begin PBXProject section */
		C928D06621C0B7B700DD8042 /* Project object */ = {
			isa = PBXProject;
			attributes = {
				LastSwiftUpdateCheck = 0940;
				LastUpgradeCheck = 0940;
				ORGANIZATIONNAME = Matt_Mejia;
				TargetAttributes = {
					C928D06D21C0B7B700DD8042 = {
						CreatedOnToolsVersion = 9.4.1;
					};
					C928D08121C0B7B800DD8042 = {
						CreatedOnToolsVersion = 9.4.1;
						TestTargetID = C928D06D21C0B7B700DD8042;
					};
					C928D08C21C0B7B800DD8042 = {
						CreatedOnToolsVersion = 9.4.1;
						TestTargetID = C928D06D21C0B7B700DD8042;
					};
				};
			};
			buildConfigurationList = C928D06921C0B7B700DD8042 /* Build configuration list for PBXProject "iTunesSearch" */;
			compatibilityVersion = "Xcode 9.3";
			developmentRegion = en;
			hasScannedForEncodings = 0;
			knownRegions = (
				en,
				Base,
			);
			mainGroup = C928D06521C0B7B700DD8042;
			productRefGroup = C928D06F21C0B7B700DD8042 /* Products */;
			projectDirPath = "";
			projectRoot = "";
			targets = (
				C928D06D21C0B7B700DD8042 /* iTunesSearch */,
				C928D08121C0B7B800DD8042 /* iTunesSearchTests */,
				C928D08C21C0B7B800DD8042 /* iTunesSearchUITests */,
			);
		};
/* End PBXProject section */

/* Begin PBXResourcesBuildPhase section */
		C928D06C21C0B7B700DD8042 /* Resources */ = {
			isa = PBXResourcesBuildPhase;
			buildActionMask = 2147483647;
			files = (
				C928D07C21C0B7B800DD8042 /* LaunchScreen.storyboard in Resources */,
				C928D07921C0B7B800DD8042 /* Assets.xcassets in Resources */,
				C928D07721C0B7B700DD8042 /* Main.storyboard in Resources */,
			);
			runOnlyForDeploymentPostprocessing = 0;
		};
		C928D08021C0B7B800DD8042 /* Resources */ = {
			isa = PBXResourcesBuildPhase;
			buildActionMask = 2147483647;
			files = (
			);
			runOnlyForDeploymentPostprocessing = 0;
		};
		C928D08B21C0B7B800DD8042 /* Resources */ = {
			isa = PBXResourcesBuildPhase;
			buildActionMask = 2147483647;
			files = (
			);
			runOnlyForDeploymentPostprocessing = 0;
		};
/* End PBXResourcesBuildPhase section */

/* Begin PBXShellScriptBuildPhase section */
		23ECEFC91D34568AD2BBDB29 /* [CP] Embed Pods Frameworks */ = {
			isa = PBXShellScriptBuildPhase;
			buildActionMask = 2147483647;
			files = (
			);
			inputPaths = (
				"${SRCROOT}/Pods/Target Support Files/Pods-iTunesSearch/Pods-iTunesSearch-frameworks.sh",
				"${BUILT_PRODUCTS_DIR}/Alamofire/Alamofire.framework",
				"${BUILT_PRODUCTS_DIR}/SwiftyJSON/SwiftyJSON.framework",
			);
			name = "[CP] Embed Pods Frameworks";
			outputPaths = (
				"${TARGET_BUILD_DIR}/${FRAMEWORKS_FOLDER_PATH}/Alamofire.framework",
				"${TARGET_BUILD_DIR}/${FRAMEWORKS_FOLDER_PATH}/SwiftyJSON.framework",
			);
			runOnlyForDeploymentPostprocessing = 0;
			shellPath = /bin/sh;
			shellScript = "\"${SRCROOT}/Pods/Target Support Files/Pods-iTunesSearch/Pods-iTunesSearch-frameworks.sh\"\n";
			showEnvVarsInLog = 0;
		};
		6849B12FD41339388E412EC6 /* [CP] Check Pods Manifest.lock */ = {
			isa = PBXShellScriptBuildPhase;
			buildActionMask = 2147483647;
			files = (
			);
			inputPaths = (
				"${PODS_PODFILE_DIR_PATH}/Podfile.lock",
				"${PODS_ROOT}/Manifest.lock",
			);
			name = "[CP] Check Pods Manifest.lock";
			outputPaths = (
				"$(DERIVED_FILE_DIR)/Pods-iTunesSearch-checkManifestLockResult.txt",
			);
			runOnlyForDeploymentPostprocessing = 0;
			shellPath = /bin/sh;
			shellScript = "diff \"${PODS_PODFILE_DIR_PATH}/Podfile.lock\" \"${PODS_ROOT}/Manifest.lock\" > /dev/null\nif [ $? != 0 ] ; then\n    # print error to STDERR\n    echo \"error: The sandbox is not in sync with the Podfile.lock. Run 'pod install' or update your CocoaPods installation.\" >&2\n    exit 1\nfi\n# This output is used by Xcode 'outputs' to avoid re-running this script phase.\necho \"SUCCESS\" > \"${SCRIPT_OUTPUT_FILE_0}\"\n";
			showEnvVarsInLog = 0;
		};
		B70399DF0A2EE7027301B9AF /* [CP] Check Pods Manifest.lock */ = {
			isa = PBXShellScriptBuildPhase;
			buildActionMask = 2147483647;
			files = (
			);
			inputPaths = (
				"${PODS_PODFILE_DIR_PATH}/Podfile.lock",
				"${PODS_ROOT}/Manifest.lock",
			);
			name = "[CP] Check Pods Manifest.lock";
			outputPaths = (
				"$(DERIVED_FILE_DIR)/Pods-iTunesSearchUITests-checkManifestLockResult.txt",
			);
			runOnlyForDeploymentPostprocessing = 0;
			shellPath = /bin/sh;
			shellScript = "diff \"${PODS_PODFILE_DIR_PATH}/Podfile.lock\" \"${PODS_ROOT}/Manifest.lock\" > /dev/null\nif [ $? != 0 ] ; then\n    # print error to STDERR\n    echo \"error: The sandbox is not in sync with the Podfile.lock. Run 'pod install' or update your CocoaPods installation.\" >&2\n    exit 1\nfi\n# This output is used by Xcode 'outputs' to avoid re-running this script phase.\necho \"SUCCESS\" > \"${SCRIPT_OUTPUT_FILE_0}\"\n";
			showEnvVarsInLog = 0;
		};
		F43C7F0899E5467074078EF9 /* [CP] Check Pods Manifest.lock */ = {
			isa = PBXShellScriptBuildPhase;
			buildActionMask = 2147483647;
			files = (
			);
			inputPaths = (
				"${PODS_PODFILE_DIR_PATH}/Podfile.lock",
				"${PODS_ROOT}/Manifest.lock",
			);
			name = "[CP] Check Pods Manifest.lock";
			outputPaths = (
				"$(DERIVED_FILE_DIR)/Pods-iTunesSearchTests-checkManifestLockResult.txt",
			);
			runOnlyForDeploymentPostprocessing = 0;
			shellPath = /bin/sh;
			shellScript = "diff \"${PODS_PODFILE_DIR_PATH}/Podfile.lock\" \"${PODS_ROOT}/Manifest.lock\" > /dev/null\nif [ $? != 0 ] ; then\n    # print error to STDERR\n    echo \"error: The sandbox is not in sync with the Podfile.lock. Run 'pod install' or update your CocoaPods installation.\" >&2\n    exit 1\nfi\n# This output is used by Xcode 'outputs' to avoid re-running this script phase.\necho \"SUCCESS\" > \"${SCRIPT_OUTPUT_FILE_0}\"\n";
			showEnvVarsInLog = 0;
		};
/* End PBXShellScriptBuildPhase section */

/* Begin PBXSourcesBuildPhase section */
		C928D06A21C0B7B700DD8042 /* Sources */ = {
			isa = PBXSourcesBuildPhase;
			buildActionMask = 2147483647;
			files = (
				C9B2652321C30C63006FD045 /* iTunesAlbum.swift in Sources */,
				C928D07421C0B7B700DD8042 /* ViewController.swift in Sources */,
				C9877B5E21C38BC400F20C69 /* iTunesService.swift in Sources */,
				C928D07221C0B7B700DD8042 /* AppDelegate.swift in Sources */,
				C9B2652621C31E31006FD045 /* AlbumTableViewCell.swift in Sources */,
			);
			runOnlyForDeploymentPostprocessing = 0;
		};
		C928D07E21C0B7B800DD8042 /* Sources */ = {
			isa = PBXSourcesBuildPhase;
			buildActionMask = 2147483647;
			files = (
				C928D08721C0B7B800DD8042 /* iTunesSearchTests.swift in Sources */,
			);
			runOnlyForDeploymentPostprocessing = 0;
		};
		C928D08921C0B7B800DD8042 /* Sources */ = {
			isa = PBXSourcesBuildPhase;
			buildActionMask = 2147483647;
			files = (
				C928D09221C0B7B800DD8042 /* iTunesSearchUITests.swift in Sources */,
			);
			runOnlyForDeploymentPostprocessing = 0;
		};
/* End PBXSourcesBuildPhase section */

/* Begin PBXTargetDependency section */
		C928D08421C0B7B800DD8042 /* PBXTargetDependency */ = {
			isa = PBXTargetDependency;
			target = C928D06D21C0B7B700DD8042 /* iTunesSearch */;
			targetProxy = C928D08321C0B7B800DD8042 /* PBXContainerItemProxy */;
		};
		C928D08F21C0B7B800DD8042 /* PBXTargetDependency */ = {
			isa = PBXTargetDependency;
			target = C928D06D21C0B7B700DD8042 /* iTunesSearch */;
			targetProxy = C928D08E21C0B7B800DD8042 /* PBXContainerItemProxy */;
		};
/* End PBXTargetDependency section */

/* Begin PBXVariantGroup section */
		C928D07521C0B7B700DD8042 /* Main.storyboard */ = {
			isa = PBXVariantGroup;
			children = (
				C928D07621C0B7B700DD8042 /* Base */,
			);
			name = Main.storyboard;
			sourceTree = "<group>";
		};
		C928D07A21C0B7B800DD8042 /* LaunchScreen.storyboard */ = {
			isa = PBXVariantGroup;
			children = (
				C928D07B21C0B7B800DD8042 /* Base */,
			);
			name = LaunchScreen.storyboard;
			sourceTree = "<group>";
		};
/* End PBXVariantGroup section */

/* Begin XCBuildConfiguration section */
		C928D09421C0B7B800DD8042 /* Debug */ = {
			isa = XCBuildConfiguration;
			buildSettings = {
				ALWAYS_SEARCH_USER_PATHS = NO;
				CLANG_ANALYZER_NONNULL = YES;
				CLANG_ANALYZER_NUMBER_OBJECT_CONVERSION = YES_AGGRESSIVE;
				CLANG_CXX_LANGUAGE_STANDARD = "gnu++14";
				CLANG_CXX_LIBRARY = "libc++";
				CLANG_ENABLE_MODULES = YES;
				CLANG_ENABLE_OBJC_ARC = YES;
				CLANG_ENABLE_OBJC_WEAK = YES;
				CLANG_WARN_BLOCK_CAPTURE_AUTORELEASING = YES;
				CLANG_WARN_BOOL_CONVERSION = YES;
				CLANG_WARN_COMMA = YES;
				CLANG_WARN_CONSTANT_CONVERSION = YES;
				CLANG_WARN_DEPRECATED_OBJC_IMPLEMENTATIONS = YES;
				CLANG_WARN_DIRECT_OBJC_ISA_USAGE = YES_ERROR;
				CLANG_WARN_DOCUMENTATION_COMMENTS = YES;
				CLANG_WARN_EMPTY_BODY = YES;
				CLANG_WARN_ENUM_CONVERSION = YES;
				CLANG_WARN_INFINITE_RECURSION = YES;
				CLANG_WARN_INT_CONVERSION = YES;
				CLANG_WARN_NON_LITERAL_NULL_CONVERSION = YES;
				CLANG_WARN_OBJC_IMPLICIT_RETAIN_SELF = YES;
				CLANG_WARN_OBJC_LITERAL_CONVERSION = YES;
				CLANG_WARN_OBJC_ROOT_CLASS = YES_ERROR;
				CLANG_WARN_RANGE_LOOP_ANALYSIS = YES;
				CLANG_WARN_STRICT_PROTOTYPES = YES;
				CLANG_WARN_SUSPICIOUS_MOVE = YES;
				CLANG_WARN_UNGUARDED_AVAILABILITY = YES_AGGRESSIVE;
				CLANG_WARN_UNREACHABLE_CODE = YES;
				CLANG_WARN__DUPLICATE_METHOD_MATCH = YES;
				CODE_SIGN_IDENTITY = "iPhone Developer";
				COPY_PHASE_STRIP = NO;
				DEBUG_INFORMATION_FORMAT = dwarf;
				ENABLE_STRICT_OBJC_MSGSEND = YES;
				ENABLE_TESTABILITY = YES;
				GCC_C_LANGUAGE_STANDARD = gnu11;
				GCC_DYNAMIC_NO_PIC = NO;
				GCC_NO_COMMON_BLOCKS = YES;
				GCC_OPTIMIZATION_LEVEL = 0;
				GCC_PREPROCESSOR_DEFINITIONS = (
					"DEBUG=1",
					"$(inherited)",
				);
				GCC_WARN_64_TO_32_BIT_CONVERSION = YES;
				GCC_WARN_ABOUT_RETURN_TYPE = YES_ERROR;
				GCC_WARN_UNDECLARED_SELECTOR = YES;
				GCC_WARN_UNINITIALIZED_AUTOS = YES_AGGRESSIVE;
				GCC_WARN_UNUSED_FUNCTION = YES;
				GCC_WARN_UNUSED_VARIABLE = YES;
				IPHONEOS_DEPLOYMENT_TARGET = 11.4;
				MTL_ENABLE_DEBUG_INFO = YES;
				ONLY_ACTIVE_ARCH = YES;
				SDKROOT = iphoneos;
				SWIFT_ACTIVE_COMPILATION_CONDITIONS = DEBUG;
				SWIFT_OPTIMIZATION_LEVEL = "-Onone";
			};
			name = Debug;
		};
		C928D09521C0B7B800DD8042 /* Release */ = {
			isa = XCBuildConfiguration;
			buildSettings = {
				ALWAYS_SEARCH_USER_PATHS = NO;
				CLANG_ANALYZER_NONNULL = YES;
				CLANG_ANALYZER_NUMBER_OBJECT_CONVERSION = YES_AGGRESSIVE;
				CLANG_CXX_LANGUAGE_STANDARD = "gnu++14";
				CLANG_CXX_LIBRARY = "libc++";
				CLANG_ENABLE_MODULES = YES;
				CLANG_ENABLE_OBJC_ARC = YES;
				CLANG_ENABLE_OBJC_WEAK = YES;
				CLANG_WARN_BLOCK_CAPTURE_AUTORELEASING = YES;
				CLANG_WARN_BOOL_CONVERSION = YES;
				CLANG_WARN_COMMA = YES;
				CLANG_WARN_CONSTANT_CONVERSION = YES;
				CLANG_WARN_DEPRECATED_OBJC_IMPLEMENTATIONS = YES;
				CLANG_WARN_DIRECT_OBJC_ISA_USAGE = YES_ERROR;
				CLANG_WARN_DOCUMENTATION_COMMENTS = YES;
				CLANG_WARN_EMPTY_BODY = YES;
				CLANG_WARN_ENUM_CONVERSION = YES;
				CLANG_WARN_INFINITE_RECURSION = YES;
				CLANG_WARN_INT_CONVERSION = YES;
				CLANG_WARN_NON_LITERAL_NULL_CONVERSION = YES;
				CLANG_WARN_OBJC_IMPLICIT_RETAIN_SELF = YES;
				CLANG_WARN_OBJC_LITERAL_CONVERSION = YES;
				CLANG_WARN_OBJC_ROOT_CLASS = YES_ERROR;
				CLANG_WARN_RANGE_LOOP_ANALYSIS = YES;
				CLANG_WARN_STRICT_PROTOTYPES = YES;
				CLANG_WARN_SUSPICIOUS_MOVE = YES;
				CLANG_WARN_UNGUARDED_AVAILABILITY = YES_AGGRESSIVE;
				CLANG_WARN_UNREACHABLE_CODE = YES;
				CLANG_WARN__DUPLICATE_METHOD_MATCH = YES;
				CODE_SIGN_IDENTITY = "iPhone Developer";
				COPY_PHASE_STRIP = NO;
				DEBUG_INFORMATION_FORMAT = "dwarf-with-dsym";
				ENABLE_NS_ASSERTIONS = NO;
				ENABLE_STRICT_OBJC_MSGSEND = YES;
				GCC_C_LANGUAGE_STANDARD = gnu11;
				GCC_NO_COMMON_BLOCKS = YES;
				GCC_WARN_64_TO_32_BIT_CONVERSION = YES;
				GCC_WARN_ABOUT_RETURN_TYPE = YES_ERROR;
				GCC_WARN_UNDECLARED_SELECTOR = YES;
				GCC_WARN_UNINITIALIZED_AUTOS = YES_AGGRESSIVE;
				GCC_WARN_UNUSED_FUNCTION = YES;
				GCC_WARN_UNUSED_VARIABLE = YES;
				IPHONEOS_DEPLOYMENT_TARGET = 11.4;
				MTL_ENABLE_DEBUG_INFO = NO;
				SDKROOT = iphoneos;
				SWIFT_COMPILATION_MODE = wholemodule;
				SWIFT_OPTIMIZATION_LEVEL = "-O";
				VALIDATE_PRODUCT = YES;
			};
			name = Release;
		};
		C928D09721C0B7B800DD8042 /* Debug */ = {
			isa = XCBuildConfiguration;
			baseConfigurationReference = DD7DBE9B36818FA14839D03D /* Pods-iTunesSearch.debug.xcconfig */;
			buildSettings = {
				ASSETCATALOG_COMPILER_APPICON_NAME = AppIcon;
				CODE_SIGN_STYLE = Automatic;
				INFOPLIST_FILE = iTunesSearch/Info.plist;
				LD_RUNPATH_SEARCH_PATHS = (
					"$(inherited)",
					"@executable_path/Frameworks",
				);
				PRODUCT_BUNDLE_IDENTIFIER = "com.Matt-Mejia.iTunesSearch";
				PRODUCT_NAME = "$(TARGET_NAME)";
				SWIFT_VERSION = 4.0;
				TARGETED_DEVICE_FAMILY = "1,2";
			};
			name = Debug;
		};
		C928D09821C0B7B800DD8042 /* Release */ = {
			isa = XCBuildConfiguration;
			baseConfigurationReference = 2874DB94D37BE6AF58CC381D /* Pods-iTunesSearch.release.xcconfig */;
			buildSettings = {
				ASSETCATALOG_COMPILER_APPICON_NAME = AppIcon;
				CODE_SIGN_STYLE = Automatic;
				INFOPLIST_FILE = iTunesSearch/Info.plist;
				LD_RUNPATH_SEARCH_PATHS = (
					"$(inherited)",
					"@executable_path/Frameworks",
				);
				PRODUCT_BUNDLE_IDENTIFIER = "com.Matt-Mejia.iTunesSearch";
				PRODUCT_NAME = "$(TARGET_NAME)";
				SWIFT_VERSION = 4.0;
				TARGETED_DEVICE_FAMILY = "1,2";
			};
			name = Release;
		};
		C928D09A21C0B7B800DD8042 /* Debug */ = {
			isa = XCBuildConfiguration;
			baseConfigurationReference = 500F57CF8F661BD1A757458F /* Pods-iTunesSearchTests.debug.xcconfig */;
			buildSettings = {
				ALWAYS_EMBED_SWIFT_STANDARD_LIBRARIES = YES;
				BUNDLE_LOADER = "$(TEST_HOST)";
				CODE_SIGN_STYLE = Automatic;
				INFOPLIST_FILE = iTunesSearchTests/Info.plist;
				LD_RUNPATH_SEARCH_PATHS = (
					"$(inherited)",
					"@executable_path/Frameworks",
					"@loader_path/Frameworks",
				);
				PRODUCT_BUNDLE_IDENTIFIER = "com.Matt-Mejia.iTunesSearchTests";
				PRODUCT_NAME = "$(TARGET_NAME)";
				SWIFT_VERSION = 4.0;
				TARGETED_DEVICE_FAMILY = "1,2";
				TEST_HOST = "$(BUILT_PRODUCTS_DIR)/iTunesSearch.app/iTunesSearch";
			};
			name = Debug;
		};
		C928D09B21C0B7B800DD8042 /* Release */ = {
			isa = XCBuildConfiguration;
			baseConfigurationReference = 1B06A3C0A7727422EE79CB96 /* Pods-iTunesSearchTests.release.xcconfig */;
			buildSettings = {
				ALWAYS_EMBED_SWIFT_STANDARD_LIBRARIES = YES;
				BUNDLE_LOADER = "$(TEST_HOST)";
				CODE_SIGN_STYLE = Automatic;
				INFOPLIST_FILE = iTunesSearchTests/Info.plist;
				LD_RUNPATH_SEARCH_PATHS = (
					"$(inherited)",
					"@executable_path/Frameworks",
					"@loader_path/Frameworks",
				);
				PRODUCT_BUNDLE_IDENTIFIER = "com.Matt-Mejia.iTunesSearchTests";
				PRODUCT_NAME = "$(TARGET_NAME)";
				SWIFT_VERSION = 4.0;
				TARGETED_DEVICE_FAMILY = "1,2";
				TEST_HOST = "$(BUILT_PRODUCTS_DIR)/iTunesSearch.app/iTunesSearch";
			};
			name = Release;
		};
		C928D09D21C0B7B800DD8042 /* Debug */ = {
			isa = XCBuildConfiguration;
			baseConfigurationReference = F2DA57A71FF08843CA5AA594 /* Pods-iTunesSearchUITests.debug.xcconfig */;
			buildSettings = {
				ALWAYS_EMBED_SWIFT_STANDARD_LIBRARIES = YES;
				CODE_SIGN_STYLE = Automatic;
				INFOPLIST_FILE = iTunesSearchUITests/Info.plist;
				LD_RUNPATH_SEARCH_PATHS = (
					"$(inherited)",
					"@executable_path/Frameworks",
					"@loader_path/Frameworks",
				);
				PRODUCT_BUNDLE_IDENTIFIER = "com.Matt-Mejia.iTunesSearchUITests";
				PRODUCT_NAME = "$(TARGET_NAME)";
				SWIFT_VERSION = 4.0;
				TARGETED_DEVICE_FAMILY = "1,2";
				TEST_TARGET_NAME = iTunesSearch;
			};
			name = Debug;
		};
		C928D09E21C0B7B800DD8042 /* Release */ = {
			isa = XCBuildConfiguration;
			baseConfigurationReference = C252678FA14619D1A2CA60EE /* Pods-iTunesSearchUITests.release.xcconfig */;
			buildSettings = {
				ALWAYS_EMBED_SWIFT_STANDARD_LIBRARIES = YES;
				CODE_SIGN_STYLE = Automatic;
				INFOPLIST_FILE = iTunesSearchUITests/Info.plist;
				LD_RUNPATH_SEARCH_PATHS = (
					"$(inherited)",
					"@executable_path/Frameworks",
					"@loader_path/Frameworks",
				);
				PRODUCT_BUNDLE_IDENTIFIER = "com.Matt-Mejia.iTunesSearchUITests";
				PRODUCT_NAME = "$(TARGET_NAME)";
				SWIFT_VERSION = 4.0;
				TARGETED_DEVICE_FAMILY = "1,2";
				TEST_TARGET_NAME = iTunesSearch;
			};
			name = Release;
		};
/* End XCBuildConfiguration section */

/* Begin XCConfigurationList section */
		C928D06921C0B7B700DD8042 /* Build configuration list for PBXProject "iTunesSearch" */ = {
			isa = XCConfigurationList;
			buildConfigurations = (
				C928D09421C0B7B800DD8042 /* Debug */,
				C928D09521C0B7B800DD8042 /* Release */,
			);
			defaultConfigurationIsVisible = 0;
			defaultConfigurationName = Release;
		};
		C928D09621C0B7B800DD8042 /* Build configuration list for PBXNativeTarget "iTunesSearch" */ = {
			isa = XCConfigurationList;
			buildConfigurations = (
				C928D09721C0B7B800DD8042 /* Debug */,
				C928D09821C0B7B800DD8042 /* Release */,
			);
			defaultConfigurationIsVisible = 0;
			defaultConfigurationName = Release;
		};
		C928D09921C0B7B800DD8042 /* Build configuration list for PBXNativeTarget "iTunesSearchTests" */ = {
			isa = XCConfigurationList;
			buildConfigurations = (
				C928D09A21C0B7B800DD8042 /* Debug */,
				C928D09B21C0B7B800DD8042 /* Release */,
			);
			defaultConfigurationIsVisible = 0;
			defaultConfigurationName = Release;
		};
		C928D09C21C0B7B800DD8042 /* Build configuration list for PBXNativeTarget "iTunesSearchUITests" */ = {
			isa = XCConfigurationList;
			buildConfigurations = (
				C928D09D21C0B7B800DD8042 /* Debug */,
				C928D09E21C0B7B800DD8042 /* Release */,
			);
			defaultConfigurationIsVisible = 0;
			defaultConfigurationName = Release;
		};
/* End XCConfigurationList section */
	};
	rootObject = C928D06621C0B7B700DD8042 /* Project object */;
}
